
Microsoft Visual Studio Solution File, Format Version 12.00
# Visual Studio Version 17
VisualStudioVersion = 17.3.32901.215
MinimumVisualStudioVersion = 10.0.40219.1
Project("{FAE04EC0-301F-11D3-BF4B-00C04F79EFBC}") = "Mega-Desk-Hampton", "Mega-Desk-Hampton.csproj", "{19CC1A03-1710-434F-A9AB-F3AC8E9C8A42}"
EndProject
Global
	GlobalSection(SolutionConfigurationPlatforms) = preSolution
		Debug|Any CPU = Debug|Any CPU
		Release|Any CPU = Release|Any CPU
	EndGlobalSection
	GlobalSection(ProjectConfigurationPlatforms) = postSolution
		{19CC1A03-1710-434F-A9AB-F3AC8E9C8A42}.Debug|Any CPU.ActiveCfg = Debug|Any CPU
		{19CC1A03-1710-434F-A9AB-F3AC8E9C8A42}.Debug|Any CPU.Build.0 = Debug|Any CPU
		{19CC1A03-1710-434F-A9AB-F3AC8E9C8A42}.Release|Any CPU.ActiveCfg = Release|Any CPU
		{19CC1A03-1710-434F-A9AB-F3AC8E9C8A42}.Release|Any CPU.Build.0 = Release|Any CPU
	EndGlobalSection
	GlobalSection(SolutionProperties) = preSolution
		HideSolutionNode = FALSE
	EndGlobalSection
	GlobalSection(ExtensibilityGlobals) = postSolution
		SolutionGuid = {A62587C1-53B3-4307-9061-7F523CA22D19}
	EndGlobalSection
EndGlobal
